// !$*UTF8*$!
{
	archiveVersion = 1;
	classes = {
	};
	objectVersion = 51;
	objects = {

/* Begin PBXBuildFile section */
		34A6EDCD8BCE4D0D19DA2684 /* Pods_bisMateClient.framework in Frameworks */ = {isa = PBXBuildFile; fileRef = D0CDC8C703057CFFD95ECE33 /* Pods_bisMateClient.framework */; };
		6F0509B925B3A255001F7521 /* FirebaseAuthClient.swift in Sources */ = {isa = PBXBuildFile; fileRef = 6F0509B825B3A255001F7521 /* FirebaseAuthClient.swift */; };
		6F0509BA25B3A255001F7521 /* FirebaseAuthClient.swift in Sources */ = {isa = PBXBuildFile; fileRef = 6F0509B825B3A255001F7521 /* FirebaseAuthClient.swift */; };
		6F0509D125B3A41C001F7521 /* GoogleService-Info.plist in Resources */ = {isa = PBXBuildFile; fileRef = 6F0509D025B3A41C001F7521 /* GoogleService-Info.plist */; };
		6F0509D225B3A41C001F7521 /* GoogleService-Info.plist in Resources */ = {isa = PBXBuildFile; fileRef = 6F0509D025B3A41C001F7521 /* GoogleService-Info.plist */; };
		6F09E1CF25C6293900404F65 /* MessagesViewController.swift in Sources */ = {isa = PBXBuildFile; fileRef = 6F09E1CE25C6293900404F65 /* MessagesViewController.swift */; };
		6F09E1D025C6293900404F65 /* MessagesViewController.swift in Sources */ = {isa = PBXBuildFile; fileRef = 6F09E1CE25C6293900404F65 /* MessagesViewController.swift */; };
		6F09E1D125C6293900404F65 /* MessagesViewController.swift in Sources */ = {isa = PBXBuildFile; fileRef = 6F09E1CE25C6293900404F65 /* MessagesViewController.swift */; };
		6F2782AE25C7039A00688053 /* MessageDetailViewController.swift in Sources */ = {isa = PBXBuildFile; fileRef = 6F2782AD25C7039A00688053 /* MessageDetailViewController.swift */; };
		6F2782AF25C7039A00688053 /* MessageDetailViewController.swift in Sources */ = {isa = PBXBuildFile; fileRef = 6F2782AD25C7039A00688053 /* MessageDetailViewController.swift */; };
		6F2782B025C7039A00688053 /* MessageDetailViewController.swift in Sources */ = {isa = PBXBuildFile; fileRef = 6F2782AD25C7039A00688053 /* MessageDetailViewController.swift */; };
		6F3B514125D9764F0075AF3B /* ConnectViewController.swift in Sources */ = {isa = PBXBuildFile; fileRef = 6F3B514025D9764F0075AF3B /* ConnectViewController.swift */; };
		6F3B514225D9764F0075AF3B /* ConnectViewController.swift in Sources */ = {isa = PBXBuildFile; fileRef = 6F3B514025D9764F0075AF3B /* ConnectViewController.swift */; };
		6F3B514B25D98B290075AF3B /* LocationHandler.swift in Sources */ = {isa = PBXBuildFile; fileRef = 6F3B514A25D98B290075AF3B /* LocationHandler.swift */; };
		6F3B514C25D98B290075AF3B /* LocationHandler.swift in Sources */ = {isa = PBXBuildFile; fileRef = 6F3B514A25D98B290075AF3B /* LocationHandler.swift */; };
		6F3B514D25D98B290075AF3B /* LocationHandler.swift in Sources */ = {isa = PBXBuildFile; fileRef = 6F3B514A25D98B290075AF3B /* LocationHandler.swift */; };
		6F78C27725B20D1F0006C01B /* AppDelegate.swift in Sources */ = {isa = PBXBuildFile; fileRef = 6F78C27625B20D1F0006C01B /* AppDelegate.swift */; };
		6F78C27925B20D1F0006C01B /* SceneDelegate.swift in Sources */ = {isa = PBXBuildFile; fileRef = 6F78C27825B20D1F0006C01B /* SceneDelegate.swift */; };
		6F78C27B25B20D1F0006C01B /* ViewController.swift in Sources */ = {isa = PBXBuildFile; fileRef = 6F78C27A25B20D1F0006C01B /* ViewController.swift */; };
		6F78C27E25B20D1F0006C01B /* Main.storyboard in Resources */ = {isa = PBXBuildFile; fileRef = 6F78C27C25B20D1F0006C01B /* Main.storyboard */; };
		6F78C28025B20D210006C01B /* Assets.xcassets in Resources */ = {isa = PBXBuildFile; fileRef = 6F78C27F25B20D210006C01B /* Assets.xcassets */; };
		6F78C28325B20D210006C01B /* LaunchScreen.storyboard in Resources */ = {isa = PBXBuildFile; fileRef = 6F78C28125B20D210006C01B /* LaunchScreen.storyboard */; };
		6F78C28E25B20D210006C01B /* bisMateClientTests.swift in Sources */ = {isa = PBXBuildFile; fileRef = 6F78C28D25B20D210006C01B /* bisMateClientTests.swift */; };
		6F78C29925B20D210006C01B /* bisMateClientUITests.swift in Sources */ = {isa = PBXBuildFile; fileRef = 6F78C29825B20D210006C01B /* bisMateClientUITests.swift */; };
		6F78C2AB25B20D450006C01B /* SocketClient.swift in Sources */ = {isa = PBXBuildFile; fileRef = 6F78C2AA25B20D450006C01B /* SocketClient.swift */; };
		6F78C2AC25B20D450006C01B /* SocketClient.swift in Sources */ = {isa = PBXBuildFile; fileRef = 6F78C2AA25B20D450006C01B /* SocketClient.swift */; };
		6F7DF7E325D9A5CF00893255 /* MessageCellLocal.swift in Sources */ = {isa = PBXBuildFile; fileRef = 6F7DF7E225D9A5CF00893255 /* MessageCellLocal.swift */; };
		6F7DF7E425D9A5CF00893255 /* MessageCellLocal.swift in Sources */ = {isa = PBXBuildFile; fileRef = 6F7DF7E225D9A5CF00893255 /* MessageCellLocal.swift */; };
		6F7DF7EF25D9A9FB00893255 /* MessageCellRemote.swift in Sources */ = {isa = PBXBuildFile; fileRef = 6F7DF7EE25D9A9FB00893255 /* MessageCellRemote.swift */; };
		6F7DF7F025D9A9FB00893255 /* MessageCellRemote.swift in Sources */ = {isa = PBXBuildFile; fileRef = 6F7DF7EE25D9A9FB00893255 /* MessageCellRemote.swift */; };
		6F8A1EB025BB7D2900D52D6E /* RestClient.swift in Sources */ = {isa = PBXBuildFile; fileRef = 6F8A1EAF25BB7D2900D52D6E /* RestClient.swift */; };
		6F8A1EBA25BB8CA400D52D6E /* UIView.swift in Sources */ = {isa = PBXBuildFile; fileRef = 6F8A1EB925BB8CA400D52D6E /* UIView.swift */; };
		6F8A1EBB25BB8CA400D52D6E /* UIView.swift in Sources */ = {isa = PBXBuildFile; fileRef = 6F8A1EB925BB8CA400D52D6E /* UIView.swift */; };
		6F8A1EC425BB9BB500D52D6E /* SignInViewController.swift in Sources */ = {isa = PBXBuildFile; fileRef = 6F8A1EC325BB9BB500D52D6E /* SignInViewController.swift */; };
		6F8A1EC525BB9BB500D52D6E /* SignInViewController.swift in Sources */ = {isa = PBXBuildFile; fileRef = 6F8A1EC325BB9BB500D52D6E /* SignInViewController.swift */; };
		6F8A1EC625BB9BB500D52D6E /* SignInViewController.swift in Sources */ = {isa = PBXBuildFile; fileRef = 6F8A1EC325BB9BB500D52D6E /* SignInViewController.swift */; };
		6F96EA6525BC8647000476EA /* UserDashboardViewController.swift in Sources */ = {isa = PBXBuildFile; fileRef = 6F96EA6425BC8647000476EA /* UserDashboardViewController.swift */; };
		6F96EA6625BC8647000476EA /* UserDashboardViewController.swift in Sources */ = {isa = PBXBuildFile; fileRef = 6F96EA6425BC8647000476EA /* UserDashboardViewController.swift */; };
		6F96EA7425BCEB05000476EA /* SettingsViewController.swift in Sources */ = {isa = PBXBuildFile; fileRef = 6F96EA7325BCEB05000476EA /* SettingsViewController.swift */; };
		6F96EA7525BCEB05000476EA /* SettingsViewController.swift in Sources */ = {isa = PBXBuildFile; fileRef = 6F96EA7325BCEB05000476EA /* SettingsViewController.swift */; };
		6FD3EC0925CEE5B00089115B /* UIViewController.swift in Sources */ = {isa = PBXBuildFile; fileRef = 6FD3EC0825CEE5B00089115B /* UIViewController.swift */; };
		6FD3EC0A25CEE5B00089115B /* UIViewController.swift in Sources */ = {isa = PBXBuildFile; fileRef = 6FD3EC0825CEE5B00089115B /* UIViewController.swift */; };
		D338478AAF1EFA4264B0E846 /* Pods_bisMateClientTests.framework in Frameworks */ = {isa = PBXBuildFile; fileRef = 0F1248B4AA016E6E94B12427 /* Pods_bisMateClientTests.framework */; };
		EA9E7669F0D546DC7692ADDD /* Pods_bisMateClient_bisMateClientUITests.framework in Frameworks */ = {isa = PBXBuildFile; fileRef = 1AB18537911350DF9C795CC9 /* Pods_bisMateClient_bisMateClientUITests.framework */; };
/* End PBXBuildFile section */

/* Begin PBXContainerItemProxy section */
		6F78C28A25B20D210006C01B /* PBXContainerItemProxy */ = {
			isa = PBXContainerItemProxy;
			containerPortal = 6F78C26B25B20D1F0006C01B /* Project object */;
			proxyType = 1;
			remoteGlobalIDString = 6F78C27225B20D1F0006C01B;
			remoteInfo = bisMateClient;
		};
		6F78C29525B20D210006C01B /* PBXContainerItemProxy */ = {
			isa = PBXContainerItemProxy;
			containerPortal = 6F78C26B25B20D1F0006C01B /* Project object */;
			proxyType = 1;
			remoteGlobalIDString = 6F78C27225B20D1F0006C01B;
			remoteInfo = bisMateClient;
		};
/* End PBXContainerItemProxy section */

/* Begin PBXFileReference section */
		0F1248B4AA016E6E94B12427 /* Pods_bisMateClientTests.framework */ = {isa = PBXFileReference; explicitFileType = wrapper.framework; includeInIndex = 0; path = Pods_bisMateClientTests.framework; sourceTree = BUILT_PRODUCTS_DIR; };
		1AB18537911350DF9C795CC9 /* Pods_bisMateClient_bisMateClientUITests.framework */ = {isa = PBXFileReference; explicitFileType = wrapper.framework; includeInIndex = 0; path = Pods_bisMateClient_bisMateClientUITests.framework; sourceTree = BUILT_PRODUCTS_DIR; };
		1AE8AEA49BF94C24766BD913 /* Pods-bisMateClientTests.debug.xcconfig */ = {isa = PBXFileReference; includeInIndex = 1; lastKnownFileType = text.xcconfig; name = "Pods-bisMateClientTests.debug.xcconfig"; path = "Target Support Files/Pods-bisMateClientTests/Pods-bisMateClientTests.debug.xcconfig"; sourceTree = "<group>"; };
		34A3EC3541797EC6C77BAEE2 /* Pods-bisMateClient.debug.xcconfig */ = {isa = PBXFileReference; includeInIndex = 1; lastKnownFileType = text.xcconfig; name = "Pods-bisMateClient.debug.xcconfig"; path = "Target Support Files/Pods-bisMateClient/Pods-bisMateClient.debug.xcconfig"; sourceTree = "<group>"; };
		50DA21A926165C2D010AF19B /* Pods-bisMateClient.release.xcconfig */ = {isa = PBXFileReference; includeInIndex = 1; lastKnownFileType = text.xcconfig; name = "Pods-bisMateClient.release.xcconfig"; path = "Target Support Files/Pods-bisMateClient/Pods-bisMateClient.release.xcconfig"; sourceTree = "<group>"; };
		6F0509B825B3A255001F7521 /* FirebaseAuthClient.swift */ = {isa = PBXFileReference; lastKnownFileType = sourcecode.swift; path = FirebaseAuthClient.swift; sourceTree = "<group>"; };
		6F0509D025B3A41C001F7521 /* GoogleService-Info.plist */ = {isa = PBXFileReference; fileEncoding = 4; lastKnownFileType = text.plist.xml; path = "GoogleService-Info.plist"; sourceTree = "<group>"; };
		6F09E1CE25C6293900404F65 /* MessagesViewController.swift */ = {isa = PBXFileReference; lastKnownFileType = sourcecode.swift; path = MessagesViewController.swift; sourceTree = "<group>"; };
		6F2782AD25C7039A00688053 /* MessageDetailViewController.swift */ = {isa = PBXFileReference; lastKnownFileType = sourcecode.swift; path = MessageDetailViewController.swift; sourceTree = "<group>"; };
		6F3B514025D9764F0075AF3B /* ConnectViewController.swift */ = {isa = PBXFileReference; lastKnownFileType = sourcecode.swift; path = ConnectViewController.swift; sourceTree = "<group>"; };
		6F3B514A25D98B290075AF3B /* LocationHandler.swift */ = {isa = PBXFileReference; lastKnownFileType = sourcecode.swift; path = LocationHandler.swift; sourceTree = "<group>"; };
		6F78C27325B20D1F0006C01B /* bisMateClient.app */ = {isa = PBXFileReference; explicitFileType = wrapper.application; includeInIndex = 0; path = bisMateClient.app; sourceTree = BUILT_PRODUCTS_DIR; };
		6F78C27625B20D1F0006C01B /* AppDelegate.swift */ = {isa = PBXFileReference; lastKnownFileType = sourcecode.swift; path = AppDelegate.swift; sourceTree = "<group>"; };
		6F78C27825B20D1F0006C01B /* SceneDelegate.swift */ = {isa = PBXFileReference; lastKnownFileType = sourcecode.swift; path = SceneDelegate.swift; sourceTree = "<group>"; };
		6F78C27A25B20D1F0006C01B /* ViewController.swift */ = {isa = PBXFileReference; lastKnownFileType = sourcecode.swift; path = ViewController.swift; sourceTree = "<group>"; };
		6F78C27D25B20D1F0006C01B /* Base */ = {isa = PBXFileReference; lastKnownFileType = file.storyboard; name = Base; path = Base.lproj/Main.storyboard; sourceTree = "<group>"; };
		6F78C27F25B20D210006C01B /* Assets.xcassets */ = {isa = PBXFileReference; lastKnownFileType = folder.assetcatalog; path = Assets.xcassets; sourceTree = "<group>"; };
		6F78C28225B20D210006C01B /* Base */ = {isa = PBXFileReference; lastKnownFileType = file.storyboard; name = Base; path = Base.lproj/LaunchScreen.storyboard; sourceTree = "<group>"; };
		6F78C28425B20D210006C01B /* Info.plist */ = {isa = PBXFileReference; lastKnownFileType = text.plist.xml; path = Info.plist; sourceTree = "<group>"; };
		6F78C28925B20D210006C01B /* bisMateClientTests.xctest */ = {isa = PBXFileReference; explicitFileType = wrapper.cfbundle; includeInIndex = 0; path = bisMateClientTests.xctest; sourceTree = BUILT_PRODUCTS_DIR; };
		6F78C28D25B20D210006C01B /* bisMateClientTests.swift */ = {isa = PBXFileReference; lastKnownFileType = sourcecode.swift; path = bisMateClientTests.swift; sourceTree = "<group>"; };
		6F78C28F25B20D210006C01B /* Info.plist */ = {isa = PBXFileReference; lastKnownFileType = text.plist.xml; path = Info.plist; sourceTree = "<group>"; };
		6F78C29425B20D210006C01B /* bisMateClientUITests.xctest */ = {isa = PBXFileReference; explicitFileType = wrapper.cfbundle; includeInIndex = 0; path = bisMateClientUITests.xctest; sourceTree = BUILT_PRODUCTS_DIR; };
		6F78C29825B20D210006C01B /* bisMateClientUITests.swift */ = {isa = PBXFileReference; lastKnownFileType = sourcecode.swift; path = bisMateClientUITests.swift; sourceTree = "<group>"; };
		6F78C29A25B20D210006C01B /* Info.plist */ = {isa = PBXFileReference; lastKnownFileType = text.plist.xml; path = Info.plist; sourceTree = "<group>"; };
		6F78C2AA25B20D450006C01B /* SocketClient.swift */ = {isa = PBXFileReference; lastKnownFileType = sourcecode.swift; path = SocketClient.swift; sourceTree = "<group>"; };
		6F7DF7E225D9A5CF00893255 /* MessageCellLocal.swift */ = {isa = PBXFileReference; lastKnownFileType = sourcecode.swift; path = MessageCellLocal.swift; sourceTree = "<group>"; };
		6F7DF7EE25D9A9FB00893255 /* MessageCellRemote.swift */ = {isa = PBXFileReference; lastKnownFileType = sourcecode.swift; path = MessageCellRemote.swift; sourceTree = "<group>"; };
		6F8A1EAF25BB7D2900D52D6E /* RestClient.swift */ = {isa = PBXFileReference; lastKnownFileType = sourcecode.swift; path = RestClient.swift; sourceTree = "<group>"; };
		6F8A1EB925BB8CA400D52D6E /* UIView.swift */ = {isa = PBXFileReference; lastKnownFileType = sourcecode.swift; path = UIView.swift; sourceTree = "<group>"; };
		6F8A1EC325BB9BB500D52D6E /* SignInViewController.swift */ = {isa = PBXFileReference; lastKnownFileType = sourcecode.swift; path = SignInViewController.swift; sourceTree = "<group>"; };
		6F96EA6425BC8647000476EA /* UserDashboardViewController.swift */ = {isa = PBXFileReference; lastKnownFileType = sourcecode.swift; path = UserDashboardViewController.swift; sourceTree = "<group>"; };
		6F96EA7325BCEB05000476EA /* SettingsViewController.swift */ = {isa = PBXFileReference; lastKnownFileType = sourcecode.swift; path = SettingsViewController.swift; sourceTree = "<group>"; };
		6FD3EC0825CEE5B00089115B /* UIViewController.swift */ = {isa = PBXFileReference; lastKnownFileType = sourcecode.swift; path = UIViewController.swift; sourceTree = "<group>"; };
		B13868E49069679E2F6EAE45 /* Pods-bisMateClientTests.release.xcconfig */ = {isa = PBXFileReference; includeInIndex = 1; lastKnownFileType = text.xcconfig; name = "Pods-bisMateClientTests.release.xcconfig"; path = "Target Support Files/Pods-bisMateClientTests/Pods-bisMateClientTests.release.xcconfig"; sourceTree = "<group>"; };
		B501386EC0EDC9BD0C7D7D0B /* Pods-bisMateClient-bisMateClientUITests.release.xcconfig */ = {isa = PBXFileReference; includeInIndex = 1; lastKnownFileType = text.xcconfig; name = "Pods-bisMateClient-bisMateClientUITests.release.xcconfig"; path = "Target Support Files/Pods-bisMateClient-bisMateClientUITests/Pods-bisMateClient-bisMateClientUITests.release.xcconfig"; sourceTree = "<group>"; };
		C083E03F140B786890EE5ED7 /* Pods-bisMateClient-bisMateClientUITests.debug.xcconfig */ = {isa = PBXFileReference; includeInIndex = 1; lastKnownFileType = text.xcconfig; name = "Pods-bisMateClient-bisMateClientUITests.debug.xcconfig"; path = "Target Support Files/Pods-bisMateClient-bisMateClientUITests/Pods-bisMateClient-bisMateClientUITests.debug.xcconfig"; sourceTree = "<group>"; };
		D0CDC8C703057CFFD95ECE33 /* Pods_bisMateClient.framework */ = {isa = PBXFileReference; explicitFileType = wrapper.framework; includeInIndex = 0; path = Pods_bisMateClient.framework; sourceTree = BUILT_PRODUCTS_DIR; };
/* End PBXFileReference section */

/* Begin PBXFrameworksBuildPhase section */
		6F78C27025B20D1F0006C01B /* Frameworks */ = {
			isa = PBXFrameworksBuildPhase;
			buildActionMask = 2147483647;
			files = (
				34A6EDCD8BCE4D0D19DA2684 /* Pods_bisMateClient.framework in Frameworks */,
			);
			runOnlyForDeploymentPostprocessing = 0;
		};
		6F78C28625B20D210006C01B /* Frameworks */ = {
			isa = PBXFrameworksBuildPhase;
			buildActionMask = 2147483647;
			files = (
				D338478AAF1EFA4264B0E846 /* Pods_bisMateClientTests.framework in Frameworks */,
			);
			runOnlyForDeploymentPostprocessing = 0;
		};
		6F78C29125B20D210006C01B /* Frameworks */ = {
			isa = PBXFrameworksBuildPhase;
			buildActionMask = 2147483647;
			files = (
				EA9E7669F0D546DC7692ADDD /* Pods_bisMateClient_bisMateClientUITests.framework in Frameworks */,
			);
			runOnlyForDeploymentPostprocessing = 0;
		};
/* End PBXFrameworksBuildPhase section */

/* Begin PBXGroup section */
		690C02E0D87EC53497E354F1 /* Frameworks */ = {
			isa = PBXGroup;
			children = (
				D0CDC8C703057CFFD95ECE33 /* Pods_bisMateClient.framework */,
				1AB18537911350DF9C795CC9 /* Pods_bisMateClient_bisMateClientUITests.framework */,
				0F1248B4AA016E6E94B12427 /* Pods_bisMateClientTests.framework */,
			);
			name = Frameworks;
			sourceTree = "<group>";
		};
		6F0509B725B3A240001F7521 /* Firebase */ = {
			isa = PBXGroup;
			children = (
				6F0509B825B3A255001F7521 /* FirebaseAuthClient.swift */,
			);
			path = Firebase;
			sourceTree = "<group>";
		};
		6F3B514625D988950075AF3B /* Location */ = {
			isa = PBXGroup;
			children = (
				6F3B514A25D98B290075AF3B /* LocationHandler.swift */,
			);
			path = Location;
			sourceTree = "<group>";
		};
		6F78C26A25B20D1F0006C01B = {
			isa = PBXGroup;
			children = (
				6F78C27525B20D1F0006C01B /* bisMateClient */,
				6F78C28C25B20D210006C01B /* bisMateClientTests */,
				6F78C29725B20D210006C01B /* bisMateClientUITests */,
				6F78C27425B20D1F0006C01B /* Products */,
				78D2717937F893F85BDE5102 /* Pods */,
				690C02E0D87EC53497E354F1 /* Frameworks */,
			);
			sourceTree = "<group>";
		};
		6F78C27425B20D1F0006C01B /* Products */ = {
			isa = PBXGroup;
			children = (
				6F78C27325B20D1F0006C01B /* bisMateClient.app */,
				6F78C28925B20D210006C01B /* bisMateClientTests.xctest */,
				6F78C29425B20D210006C01B /* bisMateClientUITests.xctest */,
			);
			name = Products;
			sourceTree = "<group>";
		};
		6F78C27525B20D1F0006C01B /* bisMateClient */ = {
			isa = PBXGroup;
			children = (
				6F3B514625D988950075AF3B /* Location */,
				6F8A1EC225BB9B9400D52D6E /* Controllers */,
				6F8A1EB725BB8C7D00D52D6E /* UILogic */,
				6F8A1EAE25BB7D0B00D52D6E /* HTTP */,
				6F0509B725B3A240001F7521 /* Firebase */,
				6F78C2A925B20D2C0006C01B /* WSocketClient */,
				6F78C27625B20D1F0006C01B /* AppDelegate.swift */,
				6F78C27825B20D1F0006C01B /* SceneDelegate.swift */,
				6F78C27A25B20D1F0006C01B /* ViewController.swift */,
				6F78C27C25B20D1F0006C01B /* Main.storyboard */,
				6F78C27F25B20D210006C01B /* Assets.xcassets */,
				6F78C28125B20D210006C01B /* LaunchScreen.storyboard */,
				6F0509D025B3A41C001F7521 /* GoogleService-Info.plist */,
				6F78C28425B20D210006C01B /* Info.plist */,
			);
			path = bisMateClient;
			sourceTree = "<group>";
		};
		6F78C28C25B20D210006C01B /* bisMateClientTests */ = {
			isa = PBXGroup;
			children = (
				6F78C28D25B20D210006C01B /* bisMateClientTests.swift */,
				6F78C28F25B20D210006C01B /* Info.plist */,
			);
			path = bisMateClientTests;
			sourceTree = "<group>";
		};
		6F78C29725B20D210006C01B /* bisMateClientUITests */ = {
			isa = PBXGroup;
			children = (
				6F78C29825B20D210006C01B /* bisMateClientUITests.swift */,
				6F78C29A25B20D210006C01B /* Info.plist */,
			);
			path = bisMateClientUITests;
			sourceTree = "<group>";
		};
		6F78C2A925B20D2C0006C01B /* WSocketClient */ = {
			isa = PBXGroup;
			children = (
				6F78C2AA25B20D450006C01B /* SocketClient.swift */,
			);
			path = WSocketClient;
			sourceTree = "<group>";
		};
		6F7DF7E025D9A5B500893255 /* Cells */ = {
			isa = PBXGroup;
			children = (
				6F7DF7E225D9A5CF00893255 /* MessageCellLocal.swift */,
				6F7DF7EE25D9A9FB00893255 /* MessageCellRemote.swift */,
			);
			path = Cells;
			sourceTree = "<group>";
		};
		6F8A1EAE25BB7D0B00D52D6E /* HTTP */ = {
			isa = PBXGroup;
			children = (
				6F8A1EAF25BB7D2900D52D6E /* RestClient.swift */,
			);
			path = HTTP;
			sourceTree = "<group>";
		};
		6F8A1EB725BB8C7D00D52D6E /* UILogic */ = {
			isa = PBXGroup;
			children = (
				6F7DF7E025D9A5B500893255 /* Cells */,
				6F8A1EB825BB8C8900D52D6E /* Extensions */,
			);
			path = UILogic;
			sourceTree = "<group>";
		};
		6F8A1EB825BB8C8900D52D6E /* Extensions */ = {
			isa = PBXGroup;
			children = (
				6F8A1EB925BB8CA400D52D6E /* UIView.swift */,
				6FD3EC0825CEE5B00089115B /* UIViewController.swift */,
			);
			path = Extensions;
			sourceTree = "<group>";
		};
		6F8A1EC225BB9B9400D52D6E /* Controllers */ = {
			isa = PBXGroup;
			children = (
				6F8A1EC325BB9BB500D52D6E /* SignInViewController.swift */,
				6F96EA6425BC8647000476EA /* UserDashboardViewController.swift */,
				6F96EA7325BCEB05000476EA /* SettingsViewController.swift */,
				6F09E1CE25C6293900404F65 /* MessagesViewController.swift */,
				6F2782AD25C7039A00688053 /* MessageDetailViewController.swift */,
				6F3B514025D9764F0075AF3B /* ConnectViewController.swift */,
			);
			path = Controllers;
			sourceTree = "<group>";
		};
		78D2717937F893F85BDE5102 /* Pods */ = {
			isa = PBXGroup;
			children = (
				34A3EC3541797EC6C77BAEE2 /* Pods-bisMateClient.debug.xcconfig */,
				50DA21A926165C2D010AF19B /* Pods-bisMateClient.release.xcconfig */,
				C083E03F140B786890EE5ED7 /* Pods-bisMateClient-bisMateClientUITests.debug.xcconfig */,
				B501386EC0EDC9BD0C7D7D0B /* Pods-bisMateClient-bisMateClientUITests.release.xcconfig */,
				1AE8AEA49BF94C24766BD913 /* Pods-bisMateClientTests.debug.xcconfig */,
				B13868E49069679E2F6EAE45 /* Pods-bisMateClientTests.release.xcconfig */,
			);
			path = Pods;
			sourceTree = "<group>";
		};
/* End PBXGroup section */

/* Begin PBXNativeTarget section */
		6F78C27225B20D1F0006C01B /* bisMateClient */ = {
			isa = PBXNativeTarget;
			buildConfigurationList = 6F78C29D25B20D210006C01B /* Build configuration list for PBXNativeTarget "bisMateClient" */;
			buildPhases = (
				343F008DB2604A825FC55505 /* [CP] Check Pods Manifest.lock */,
				6F78C26F25B20D1F0006C01B /* Sources */,
				6F78C27025B20D1F0006C01B /* Frameworks */,
				6F78C27125B20D1F0006C01B /* Resources */,
				8937C27CE5DDE18350E02C2E /* [CP] Embed Pods Frameworks */,
			);
			buildRules = (
			);
			dependencies = (
			);
			name = bisMateClient;
			productName = bisMateClient;
			productReference = 6F78C27325B20D1F0006C01B /* bisMateClient.app */;
			productType = "com.apple.product-type.application";
		};
		6F78C28825B20D210006C01B /* bisMateClientTests */ = {
			isa = PBXNativeTarget;
			buildConfigurationList = 6F78C2A025B20D210006C01B /* Build configuration list for PBXNativeTarget "bisMateClientTests" */;
			buildPhases = (
				618B1A7AEDEA4159BDAB120F /* [CP] Check Pods Manifest.lock */,
				6F78C28525B20D210006C01B /* Sources */,
				6F78C28625B20D210006C01B /* Frameworks */,
				6F78C28725B20D210006C01B /* Resources */,
				39C883F9038D27E9E67960CD /* [CP] Embed Pods Frameworks */,
			);
			buildRules = (
			);
			dependencies = (
				6F78C28B25B20D210006C01B /* PBXTargetDependency */,
			);
			name = bisMateClientTests;
			productName = bisMateClientTests;
			productReference = 6F78C28925B20D210006C01B /* bisMateClientTests.xctest */;
			productType = "com.apple.product-type.bundle.unit-test";
		};
		6F78C29325B20D210006C01B /* bisMateClientUITests */ = {
			isa = PBXNativeTarget;
			buildConfigurationList = 6F78C2A325B20D210006C01B /* Build configuration list for PBXNativeTarget "bisMateClientUITests" */;
			buildPhases = (
				32F48F4381516E1E33FE63CA /* [CP] Check Pods Manifest.lock */,
				6F78C29025B20D210006C01B /* Sources */,
				6F78C29125B20D210006C01B /* Frameworks */,
				6F78C29225B20D210006C01B /* Resources */,
				625DF2847C02A08097F99415 /* [CP] Embed Pods Frameworks */,
			);
			buildRules = (
			);
			dependencies = (
				6F78C29625B20D210006C01B /* PBXTargetDependency */,
			);
			name = bisMateClientUITests;
			productName = bisMateClientUITests;
			productReference = 6F78C29425B20D210006C01B /* bisMateClientUITests.xctest */;
			productType = "com.apple.product-type.bundle.ui-testing";
		};
/* End PBXNativeTarget section */

/* Begin PBXProject section */
		6F78C26B25B20D1F0006C01B /* Project object */ = {
			isa = PBXProject;
			attributes = {
				LastSwiftUpdateCheck = 1230;
				LastUpgradeCheck = 1230;
				TargetAttributes = {
					6F78C27225B20D1F0006C01B = {
						CreatedOnToolsVersion = 12.3;
					};
					6F78C28825B20D210006C01B = {
						CreatedOnToolsVersion = 12.3;
						TestTargetID = 6F78C27225B20D1F0006C01B;
					};
					6F78C29325B20D210006C01B = {
						CreatedOnToolsVersion = 12.3;
						TestTargetID = 6F78C27225B20D1F0006C01B;
					};
				};
			};
			buildConfigurationList = 6F78C26E25B20D1F0006C01B /* Build configuration list for PBXProject "bisMateClient" */;
			compatibilityVersion = "Xcode 9.3";
			developmentRegion = en;
			hasScannedForEncodings = 0;
			knownRegions = (
				en,
				Base,
			);
			mainGroup = 6F78C26A25B20D1F0006C01B;
			productRefGroup = 6F78C27425B20D1F0006C01B /* Products */;
			projectDirPath = "";
			projectRoot = "";
			targets = (
				6F78C27225B20D1F0006C01B /* bisMateClient */,
				6F78C28825B20D210006C01B /* bisMateClientTests */,
				6F78C29325B20D210006C01B /* bisMateClientUITests */,
			);
		};
/* End PBXProject section */

/* Begin PBXResourcesBuildPhase section */
		6F78C27125B20D1F0006C01B /* Resources */ = {
			isa = PBXResourcesBuildPhase;
			buildActionMask = 2147483647;
			files = (
				6F78C28325B20D210006C01B /* LaunchScreen.storyboard in Resources */,
				6F0509D125B3A41C001F7521 /* GoogleService-Info.plist in Resources */,
				6F78C28025B20D210006C01B /* Assets.xcassets in Resources */,
				6F78C27E25B20D1F0006C01B /* Main.storyboard in Resources */,
			);
			runOnlyForDeploymentPostprocessing = 0;
		};
		6F78C28725B20D210006C01B /* Resources */ = {
			isa = PBXResourcesBuildPhase;
			buildActionMask = 2147483647;
			files = (
				6F0509D225B3A41C001F7521 /* GoogleService-Info.plist in Resources */,
			);
			runOnlyForDeploymentPostprocessing = 0;
		};
		6F78C29225B20D210006C01B /* Resources */ = {
			isa = PBXResourcesBuildPhase;
			buildActionMask = 2147483647;
			files = (
			);
			runOnlyForDeploymentPostprocessing = 0;
		};
/* End PBXResourcesBuildPhase section */

/* Begin PBXShellScriptBuildPhase section */
		32F48F4381516E1E33FE63CA /* [CP] Check Pods Manifest.lock */ = {
			isa = PBXShellScriptBuildPhase;
			buildActionMask = 2147483647;
			files = (
			);
			inputFileListPaths = (
			);
			inputPaths = (
				"${PODS_PODFILE_DIR_PATH}/Podfile.lock",
				"${PODS_ROOT}/Manifest.lock",
			);
			name = "[CP] Check Pods Manifest.lock";
			outputFileListPaths = (
			);
			outputPaths = (
				"$(DERIVED_FILE_DIR)/Pods-bisMateClient-bisMateClientUITests-checkManifestLockResult.txt",
			);
			runOnlyForDeploymentPostprocessing = 0;
			shellPath = /bin/sh;
			shellScript = "diff \"${PODS_PODFILE_DIR_PATH}/Podfile.lock\" \"${PODS_ROOT}/Manifest.lock\" > /dev/null\nif [ $? != 0 ] ; then\n    # print error to STDERR\n    echo \"error: The sandbox is not in sync with the Podfile.lock. Run 'pod install' or update your CocoaPods installation.\" >&2\n    exit 1\nfi\n# This output is used by Xcode 'outputs' to avoid re-running this script phase.\necho \"SUCCESS\" > \"${SCRIPT_OUTPUT_FILE_0}\"\n";
			showEnvVarsInLog = 0;
		};
		343F008DB2604A825FC55505 /* [CP] Check Pods Manifest.lock */ = {
			isa = PBXShellScriptBuildPhase;
			buildActionMask = 2147483647;
			files = (
			);
			inputFileListPaths = (
			);
			inputPaths = (
				"${PODS_PODFILE_DIR_PATH}/Podfile.lock",
				"${PODS_ROOT}/Manifest.lock",
			);
			name = "[CP] Check Pods Manifest.lock";
			outputFileListPaths = (
			);
			outputPaths = (
				"$(DERIVED_FILE_DIR)/Pods-bisMateClient-checkManifestLockResult.txt",
			);
			runOnlyForDeploymentPostprocessing = 0;
			shellPath = /bin/sh;
			shellScript = "diff \"${PODS_PODFILE_DIR_PATH}/Podfile.lock\" \"${PODS_ROOT}/Manifest.lock\" > /dev/null\nif [ $? != 0 ] ; then\n    # print error to STDERR\n    echo \"error: The sandbox is not in sync with the Podfile.lock. Run 'pod install' or update your CocoaPods installation.\" >&2\n    exit 1\nfi\n# This output is used by Xcode 'outputs' to avoid re-running this script phase.\necho \"SUCCESS\" > \"${SCRIPT_OUTPUT_FILE_0}\"\n";
			showEnvVarsInLog = 0;
		};
		39C883F9038D27E9E67960CD /* [CP] Embed Pods Frameworks */ = {
			isa = PBXShellScriptBuildPhase;
			buildActionMask = 2147483647;
			files = (
			);
			inputFileListPaths = (
				"${PODS_ROOT}/Target Support Files/Pods-bisMateClientTests/Pods-bisMateClientTests-frameworks-${CONFIGURATION}-input-files.xcfilelist",
			);
			name = "[CP] Embed Pods Frameworks";
			outputFileListPaths = (
				"${PODS_ROOT}/Target Support Files/Pods-bisMateClientTests/Pods-bisMateClientTests-frameworks-${CONFIGURATION}-output-files.xcfilelist",
			);
			runOnlyForDeploymentPostprocessing = 0;
			shellPath = /bin/sh;
			shellScript = "\"${PODS_ROOT}/Target Support Files/Pods-bisMateClientTests/Pods-bisMateClientTests-frameworks.sh\"\n";
			showEnvVarsInLog = 0;
		};
		618B1A7AEDEA4159BDAB120F /* [CP] Check Pods Manifest.lock */ = {
			isa = PBXShellScriptBuildPhase;
			buildActionMask = 2147483647;
			files = (
			);
			inputFileListPaths = (
			);
			inputPaths = (
				"${PODS_PODFILE_DIR_PATH}/Podfile.lock",
				"${PODS_ROOT}/Manifest.lock",
			);
			name = "[CP] Check Pods Manifest.lock";
			outputFileListPaths = (
			);
			outputPaths = (
				"$(DERIVED_FILE_DIR)/Pods-bisMateClientTests-checkManifestLockResult.txt",
			);
			runOnlyForDeploymentPostprocessing = 0;
			shellPath = /bin/sh;
			shellScript = "diff \"${PODS_PODFILE_DIR_PATH}/Podfile.lock\" \"${PODS_ROOT}/Manifest.lock\" > /dev/null\nif [ $? != 0 ] ; then\n    # print error to STDERR\n    echo \"error: The sandbox is not in sync with the Podfile.lock. Run 'pod install' or update your CocoaPods installation.\" >&2\n    exit 1\nfi\n# This output is used by Xcode 'outputs' to avoid re-running this script phase.\necho \"SUCCESS\" > \"${SCRIPT_OUTPUT_FILE_0}\"\n";
			showEnvVarsInLog = 0;
		};
		625DF2847C02A08097F99415 /* [CP] Embed Pods Frameworks */ = {
			isa = PBXShellScriptBuildPhase;
			buildActionMask = 2147483647;
			files = (
			);
			inputFileListPaths = (
				"${PODS_ROOT}/Target Support Files/Pods-bisMateClient-bisMateClientUITests/Pods-bisMateClient-bisMateClientUITests-frameworks-${CONFIGURATION}-input-files.xcfilelist",
			);
			name = "[CP] Embed Pods Frameworks";
			outputFileListPaths = (
				"${PODS_ROOT}/Target Support Files/Pods-bisMateClient-bisMateClientUITests/Pods-bisMateClient-bisMateClientUITests-frameworks-${CONFIGURATION}-output-files.xcfilelist",
			);
			runOnlyForDeploymentPostprocessing = 0;
			shellPath = /bin/sh;
			shellScript = "\"${PODS_ROOT}/Target Support Files/Pods-bisMateClient-bisMateClientUITests/Pods-bisMateClient-bisMateClientUITests-frameworks.sh\"\n";
			showEnvVarsInLog = 0;
		};
		8937C27CE5DDE18350E02C2E /* [CP] Embed Pods Frameworks */ = {
			isa = PBXShellScriptBuildPhase;
			buildActionMask = 2147483647;
			files = (
			);
			inputFileListPaths = (
				"${PODS_ROOT}/Target Support Files/Pods-bisMateClient/Pods-bisMateClient-frameworks-${CONFIGURATION}-input-files.xcfilelist",
			);
			name = "[CP] Embed Pods Frameworks";
			outputFileListPaths = (
				"${PODS_ROOT}/Target Support Files/Pods-bisMateClient/Pods-bisMateClient-frameworks-${CONFIGURATION}-output-files.xcfilelist",
			);
			runOnlyForDeploymentPostprocessing = 0;
			shellPath = /bin/sh;
			shellScript = "\"${PODS_ROOT}/Target Support Files/Pods-bisMateClient/Pods-bisMateClient-frameworks.sh\"\n";
			showEnvVarsInLog = 0;
		};
/* End PBXShellScriptBuildPhase section */

/* Begin PBXSourcesBuildPhase section */
		6F78C26F25B20D1F0006C01B /* Sources */ = {
			isa = PBXSourcesBuildPhase;
			buildActionMask = 2147483647;
			files = (
				6F3B514B25D98B290075AF3B /* LocationHandler.swift in Sources */,
				6F7DF7E325D9A5CF00893255 /* MessageCellLocal.swift in Sources */,
				6F78C27B25B20D1F0006C01B /* ViewController.swift in Sources */,
				6F7DF7EF25D9A9FB00893255 /* MessageCellRemote.swift in Sources */,
				6F78C27725B20D1F0006C01B /* AppDelegate.swift in Sources */,
				6F0509B925B3A255001F7521 /* FirebaseAuthClient.swift in Sources */,
				6F96EA7425BCEB05000476EA /* SettingsViewController.swift in Sources */,
				6F96EA6525BC8647000476EA /* UserDashboardViewController.swift in Sources */,
				6F2782AE25C7039A00688053 /* MessageDetailViewController.swift in Sources */,
				6F8A1EBA25BB8CA400D52D6E /* UIView.swift in Sources */,
				6F3B514125D9764F0075AF3B /* ConnectViewController.swift in Sources */,
				6FD3EC0925CEE5B00089115B /* UIViewController.swift in Sources */,
				6F8A1EC425BB9BB500D52D6E /* SignInViewController.swift in Sources */,
				6F78C2AB25B20D450006C01B /* SocketClient.swift in Sources */,
				6F8A1EB025BB7D2900D52D6E /* RestClient.swift in Sources */,
				6F09E1CF25C6293900404F65 /* MessagesViewController.swift in Sources */,
				6F78C27925B20D1F0006C01B /* SceneDelegate.swift in Sources */,
			);
			runOnlyForDeploymentPostprocessing = 0;
		};
		6F78C28525B20D210006C01B /* Sources */ = {
			isa = PBXSourcesBuildPhase;
			buildActionMask = 2147483647;
			files = (
				6F09E1D025C6293900404F65 /* MessagesViewController.swift in Sources */,
				6F8A1EC525BB9BB500D52D6E /* SignInViewController.swift in Sources */,
				6F0509BA25B3A255001F7521 /* FirebaseAuthClient.swift in Sources */,
				6F78C2AC25B20D450006C01B /* SocketClient.swift in Sources */,
				6F78C28E25B20D210006C01B /* bisMateClientTests.swift in Sources */,
				6F3B514C25D98B290075AF3B /* LocationHandler.swift in Sources */,
				6F2782AF25C7039A00688053 /* MessageDetailViewController.swift in Sources */,
			);
			runOnlyForDeploymentPostprocessing = 0;
		};
		6F78C29025B20D210006C01B /* Sources */ = {
			isa = PBXSourcesBuildPhase;
			buildActionMask = 2147483647;
			files = (
				6F7DF7E425D9A5CF00893255 /* MessageCellLocal.swift in Sources */,
				6F09E1D125C6293900404F65 /* MessagesViewController.swift in Sources */,
				6F8A1EBB25BB8CA400D52D6E /* UIView.swift in Sources */,
				6F78C29925B20D210006C01B /* bisMateClientUITests.swift in Sources */,
				6F96EA6625BC8647000476EA /* UserDashboardViewController.swift in Sources */,
				6F2782B025C7039A00688053 /* MessageDetailViewController.swift in Sources */,
				6F3B514D25D98B290075AF3B /* LocationHandler.swift in Sources */,
				6F96EA7525BCEB05000476EA /* SettingsViewController.swift in Sources */,
				6F3B514225D9764F0075AF3B /* ConnectViewController.swift in Sources */,
				6FD3EC0A25CEE5B00089115B /* UIViewController.swift in Sources */,
				6F8A1EC625BB9BB500D52D6E /* SignInViewController.swift in Sources */,
				6F7DF7F025D9A9FB00893255 /* MessageCellRemote.swift in Sources */,
			);
			runOnlyForDeploymentPostprocessing = 0;
		};
/* End PBXSourcesBuildPhase section */

/* Begin PBXTargetDependency section */
		6F78C28B25B20D210006C01B /* PBXTargetDependency */ = {
			isa = PBXTargetDependency;
			target = 6F78C27225B20D1F0006C01B /* bisMateClient */;
			targetProxy = 6F78C28A25B20D210006C01B /* PBXContainerItemProxy */;
		};
		6F78C29625B20D210006C01B /* PBXTargetDependency */ = {
			isa = PBXTargetDependency;
			target = 6F78C27225B20D1F0006C01B /* bisMateClient */;
			targetProxy = 6F78C29525B20D210006C01B /* PBXContainerItemProxy */;
		};
/* End PBXTargetDependency section */

/* Begin PBXVariantGroup section */
		6F78C27C25B20D1F0006C01B /* Main.storyboard */ = {
			isa = PBXVariantGroup;
			children = (
				6F78C27D25B20D1F0006C01B /* Base */,
			);
			name = Main.storyboard;
			sourceTree = "<group>";
		};
		6F78C28125B20D210006C01B /* LaunchScreen.storyboard */ = {
			isa = PBXVariantGroup;
			children = (
				6F78C28225B20D210006C01B /* Base */,
			);
			name = LaunchScreen.storyboard;
			sourceTree = "<group>";
		};
/* End PBXVariantGroup section */

/* Begin XCBuildConfiguration section */
		6F78C29B25B20D210006C01B /* Debug */ = {
			isa = XCBuildConfiguration;
			buildSettings = {
				ALWAYS_SEARCH_USER_PATHS = NO;
				CLANG_ANALYZER_NONNULL = YES;
				CLANG_ANALYZER_NUMBER_OBJECT_CONVERSION = YES_AGGRESSIVE;
				CLANG_CXX_LANGUAGE_STANDARD = "gnu++14";
				CLANG_CXX_LIBRARY = "libc++";
				CLANG_ENABLE_MODULES = YES;
				CLANG_ENABLE_OBJC_ARC = YES;
				CLANG_ENABLE_OBJC_WEAK = YES;
				CLANG_WARN_BLOCK_CAPTURE_AUTORELEASING = YES;
				CLANG_WARN_BOOL_CONVERSION = YES;
				CLANG_WARN_COMMA = YES;
				CLANG_WARN_CONSTANT_CONVERSION = YES;
				CLANG_WARN_DEPRECATED_OBJC_IMPLEMENTATIONS = YES;
				CLANG_WARN_DIRECT_OBJC_ISA_USAGE = YES_ERROR;
				CLANG_WARN_DOCUMENTATION_COMMENTS = YES;
				CLANG_WARN_EMPTY_BODY = YES;
				CLANG_WARN_ENUM_CONVERSION = YES;
				CLANG_WARN_INFINITE_RECURSION = YES;
				CLANG_WARN_INT_CONVERSION = YES;
				CLANG_WARN_NON_LITERAL_NULL_CONVERSION = YES;
				CLANG_WARN_OBJC_IMPLICIT_RETAIN_SELF = YES;
				CLANG_WARN_OBJC_LITERAL_CONVERSION = YES;
				CLANG_WARN_OBJC_ROOT_CLASS = YES_ERROR;
				CLANG_WARN_QUOTED_INCLUDE_IN_FRAMEWORK_HEADER = YES;
				CLANG_WARN_RANGE_LOOP_ANALYSIS = YES;
				CLANG_WARN_STRICT_PROTOTYPES = YES;
				CLANG_WARN_SUSPICIOUS_MOVE = YES;
				CLANG_WARN_UNGUARDED_AVAILABILITY = YES_AGGRESSIVE;
				CLANG_WARN_UNREACHABLE_CODE = YES;
				CLANG_WARN__DUPLICATE_METHOD_MATCH = YES;
				COPY_PHASE_STRIP = NO;
				DEBUG_INFORMATION_FORMAT = dwarf;
				ENABLE_STRICT_OBJC_MSGSEND = YES;
				ENABLE_TESTABILITY = YES;
				GCC_C_LANGUAGE_STANDARD = gnu11;
				GCC_DYNAMIC_NO_PIC = NO;
				GCC_NO_COMMON_BLOCKS = YES;
				GCC_OPTIMIZATION_LEVEL = 0;
				GCC_PREPROCESSOR_DEFINITIONS = (
					"DEBUG=1",
					"$(inherited)",
				);
				GCC_WARN_64_TO_32_BIT_CONVERSION = YES;
				GCC_WARN_ABOUT_RETURN_TYPE = YES_ERROR;
				GCC_WARN_UNDECLARED_SELECTOR = YES;
				GCC_WARN_UNINITIALIZED_AUTOS = YES_AGGRESSIVE;
				GCC_WARN_UNUSED_FUNCTION = YES;
				GCC_WARN_UNUSED_VARIABLE = YES;
				IPHONEOS_DEPLOYMENT_TARGET = 14.3;
				MTL_ENABLE_DEBUG_INFO = INCLUDE_SOURCE;
				MTL_FAST_MATH = YES;
				ONLY_ACTIVE_ARCH = YES;
				SDKROOT = iphoneos;
				SWIFT_ACTIVE_COMPILATION_CONDITIONS = DEBUG;
				SWIFT_OPTIMIZATION_LEVEL = "-Onone";
			};
			name = Debug;
		};
		6F78C29C25B20D210006C01B /* Release */ = {
			isa = XCBuildConfiguration;
			buildSettings = {
				ALWAYS_SEARCH_USER_PATHS = NO;
				CLANG_ANALYZER_NONNULL = YES;
				CLANG_ANALYZER_NUMBER_OBJECT_CONVERSION = YES_AGGRESSIVE;
				CLANG_CXX_LANGUAGE_STANDARD = "gnu++14";
				CLANG_CXX_LIBRARY = "libc++";
				CLANG_ENABLE_MODULES = YES;
				CLANG_ENABLE_OBJC_ARC = YES;
				CLANG_ENABLE_OBJC_WEAK = YES;
				CLANG_WARN_BLOCK_CAPTURE_AUTORELEASING = YES;
				CLANG_WARN_BOOL_CONVERSION = YES;
				CLANG_WARN_COMMA = YES;
				CLANG_WARN_CONSTANT_CONVERSION = YES;
				CLANG_WARN_DEPRECATED_OBJC_IMPLEMENTATIONS = YES;
				CLANG_WARN_DIRECT_OBJC_ISA_USAGE = YES_ERROR;
				CLANG_WARN_DOCUMENTATION_COMMENTS = YES;
				CLANG_WARN_EMPTY_BODY = YES;
				CLANG_WARN_ENUM_CONVERSION = YES;
				CLANG_WARN_INFINITE_RECURSION = YES;
				CLANG_WARN_INT_CONVERSION = YES;
				CLANG_WARN_NON_LITERAL_NULL_CONVERSION = YES;
				CLANG_WARN_OBJC_IMPLICIT_RETAIN_SELF = YES;
				CLANG_WARN_OBJC_LITERAL_CONVERSION = YES;
				CLANG_WARN_OBJC_ROOT_CLASS = YES_ERROR;
				CLANG_WARN_QUOTED_INCLUDE_IN_FRAMEWORK_HEADER = YES;
				CLANG_WARN_RANGE_LOOP_ANALYSIS = YES;
				CLANG_WARN_STRICT_PROTOTYPES = YES;
				CLANG_WARN_SUSPICIOUS_MOVE = YES;
				CLANG_WARN_UNGUARDED_AVAILABILITY = YES_AGGRESSIVE;
				CLANG_WARN_UNREACHABLE_CODE = YES;
				CLANG_WARN__DUPLICATE_METHOD_MATCH = YES;
				COPY_PHASE_STRIP = NO;
				DEBUG_INFORMATION_FORMAT = "dwarf-with-dsym";
				ENABLE_NS_ASSERTIONS = NO;
				ENABLE_STRICT_OBJC_MSGSEND = YES;
				GCC_C_LANGUAGE_STANDARD = gnu11;
				GCC_NO_COMMON_BLOCKS = YES;
				GCC_WARN_64_TO_32_BIT_CONVERSION = YES;
				GCC_WARN_ABOUT_RETURN_TYPE = YES_ERROR;
				GCC_WARN_UNDECLARED_SELECTOR = YES;
				GCC_WARN_UNINITIALIZED_AUTOS = YES_AGGRESSIVE;
				GCC_WARN_UNUSED_FUNCTION = YES;
				GCC_WARN_UNUSED_VARIABLE = YES;
				IPHONEOS_DEPLOYMENT_TARGET = 14.3;
				MTL_ENABLE_DEBUG_INFO = NO;
				MTL_FAST_MATH = YES;
				SDKROOT = iphoneos;
				SWIFT_COMPILATION_MODE = wholemodule;
				SWIFT_OPTIMIZATION_LEVEL = "-O";
				VALIDATE_PRODUCT = YES;
			};
			name = Release;
		};
		6F78C29E25B20D210006C01B /* Debug */ = {
			isa = XCBuildConfiguration;
			baseConfigurationReference = 34A3EC3541797EC6C77BAEE2 /* Pods-bisMateClient.debug.xcconfig */;
			buildSettings = {
				ASSETCATALOG_COMPILER_APPICON_NAME = AppIcon;
				ASSETCATALOG_COMPILER_GLOBAL_ACCENT_COLOR_NAME = AccentColor;
				CODE_SIGN_STYLE = Automatic;
				DEVELOPMENT_TEAM = 8VHF8L87K3;
				INFOPLIST_FILE = bisMateClient/Info.plist;
				LD_RUNPATH_SEARCH_PATHS = (
					"$(inherited)",
					"@executable_path/Frameworks",
				);
				PRODUCT_BUNDLE_IDENTIFIER = RB.bisMateClient;
				PRODUCT_NAME = "$(TARGET_NAME)";
				SWIFT_VERSION = 5.0;
				TARGETED_DEVICE_FAMILY = "1,2";
			};
			name = Debug;
		};
		6F78C29F25B20D210006C01B /* Release */ = {
			isa = XCBuildConfiguration;
			baseConfigurationReference = 50DA21A926165C2D010AF19B /* Pods-bisMateClient.release.xcconfig */;
			buildSettings = {
				ASSETCATALOG_COMPILER_APPICON_NAME = AppIcon;
				ASSETCATALOG_COMPILER_GLOBAL_ACCENT_COLOR_NAME = AccentColor;
				CODE_SIGN_STYLE = Automatic;
				DEVELOPMENT_TEAM = 8VHF8L87K3;
				INFOPLIST_FILE = bisMateClient/Info.plist;
				LD_RUNPATH_SEARCH_PATHS = (
					"$(inherited)",
					"@executable_path/Frameworks",
				);
				PRODUCT_BUNDLE_IDENTIFIER = RB.bisMateClient;
				PRODUCT_NAME = "$(TARGET_NAME)";
				SWIFT_VERSION = 5.0;
				TARGETED_DEVICE_FAMILY = "1,2";
			};
			name = Release;
		};
		6F78C2A125B20D210006C01B /* Debug */ = {
			isa = XCBuildConfiguration;
			baseConfigurationReference = 1AE8AEA49BF94C24766BD913 /* Pods-bisMateClientTests.debug.xcconfig */;
			buildSettings = {
				ALWAYS_EMBED_SWIFT_STANDARD_LIBRARIES = YES;
				BUNDLE_LOADER = "$(TEST_HOST)";
				CODE_SIGN_STYLE = Automatic;
				DEVELOPMENT_TEAM = 8VHF8L87K3;
				INFOPLIST_FILE = bisMateClientTests/Info.plist;
				IPHONEOS_DEPLOYMENT_TARGET = 14.3;
				LD_RUNPATH_SEARCH_PATHS = (
					"$(inherited)",
					"@executable_path/Frameworks",
					"@loader_path/Frameworks",
				);
				PRODUCT_BUNDLE_IDENTIFIER = RB.bisMateClientTests;
				PRODUCT_NAME = "$(TARGET_NAME)";
				SWIFT_VERSION = 5.0;
				TARGETED_DEVICE_FAMILY = "1,2";
				TEST_HOST = "$(BUILT_PRODUCTS_DIR)/bisMateClient.app/bisMateClient";
			};
			name = Debug;
		};
		6F78C2A225B20D210006C01B /* Release */ = {
			isa = XCBuildConfiguration;
			baseConfigurationReference = B13868E49069679E2F6EAE45 /* Pods-bisMateClientTests.release.xcconfig */;
			buildSettings = {
				ALWAYS_EMBED_SWIFT_STANDARD_LIBRARIES = YES;
				BUNDLE_LOADER = "$(TEST_HOST)";
				CODE_SIGN_STYLE = Automatic;
				DEVELOPMENT_TEAM = 8VHF8L87K3;
				INFOPLIST_FILE = bisMateClientTests/Info.plist;
				IPHONEOS_DEPLOYMENT_TARGET = 14.3;
				LD_RUNPATH_SEARCH_PATHS = (
					"$(inherited)",
					"@executable_path/Frameworks",
					"@loader_path/Frameworks",
				);
				PRODUCT_BUNDLE_IDENTIFIER = RB.bisMateClientTests;
				PRODUCT_NAME = "$(TARGET_NAME)";
				SWIFT_VERSION = 5.0;
				TARGETED_DEVICE_FAMILY = "1,2";
				TEST_HOST = "$(BUILT_PRODUCTS_DIR)/bisMateClient.app/bisMateClient";
			};
			name = Release;
		};
		6F78C2A425B20D210006C01B /* Debug */ = {
			isa = XCBuildConfiguration;
			baseConfigurationReference = C083E03F140B786890EE5ED7 /* Pods-bisMateClient-bisMateClientUITests.debug.xcconfig */;
			buildSettings = {
				ALWAYS_EMBED_SWIFT_STANDARD_LIBRARIES = YES;
				CODE_SIGN_STYLE = Automatic;
				DEVELOPMENT_TEAM = 8VHF8L87K3;
				INFOPLIST_FILE = bisMateClientUITests/Info.plist;
				LD_RUNPATH_SEARCH_PATHS = (
					"$(inherited)",
					"@executable_path/Frameworks",
					"@loader_path/Frameworks",
				);
				PRODUCT_BUNDLE_IDENTIFIER = RB.bisMateClientUITests;
				PRODUCT_NAME = "$(TARGET_NAME)";
				SWIFT_VERSION = 5.0;
				TARGETED_DEVICE_FAMILY = "1,2";
				TEST_TARGET_NAME = bisMateClient;
			};
			name = Debug;
		};
		6F78C2A525B20D210006C01B /* Release */ = {
			isa = XCBuildConfiguration;
			baseConfigurationReference = B501386EC0EDC9BD0C7D7D0B /* Pods-bisMateClient-bisMateClientUITests.release.xcconfig */;
			buildSettings = {
				ALWAYS_EMBED_SWIFT_STANDARD_LIBRARIES = YES;
				CODE_SIGN_STYLE = Automatic;
				DEVELOPMENT_TEAM = 8VHF8L87K3;
				INFOPLIST_FILE = bisMateClientUITests/Info.plist;
				LD_RUNPATH_SEARCH_PATHS = (
					"$(inherited)",
					"@executable_path/Frameworks",
					"@loader_path/Frameworks",
				);
				PRODUCT_BUNDLE_IDENTIFIER = RB.bisMateClientUITests;
				PRODUCT_NAME = "$(TARGET_NAME)";
				SWIFT_VERSION = 5.0;
				TARGETED_DEVICE_FAMILY = "1,2";
				TEST_TARGET_NAME = bisMateClient;
			};
			name = Release;
		};
/* End XCBuildConfiguration section */

/* Begin XCConfigurationList section */
		6F78C26E25B20D1F0006C01B /* Build configuration list for PBXProject "bisMateClient" */ = {
			isa = XCConfigurationList;
			buildConfigurations = (
				6F78C29B25B20D210006C01B /* Debug */,
				6F78C29C25B20D210006C01B /* Release */,
			);
			defaultConfigurationIsVisible = 0;
			defaultConfigurationName = Release;
		};
		6F78C29D25B20D210006C01B /* Build configuration list for PBXNativeTarget "bisMateClient" */ = {
			isa = XCConfigurationList;
			buildConfigurations = (
				6F78C29E25B20D210006C01B /* Debug */,
				6F78C29F25B20D210006C01B /* Release */,
			);
			defaultConfigurationIsVisible = 0;
			defaultConfigurationName = Release;
		};
		6F78C2A025B20D210006C01B /* Build configuration list for PBXNativeTarget "bisMateClientTests" */ = {
			isa = XCConfigurationList;
			buildConfigurations = (
				6F78C2A125B20D210006C01B /* Debug */,
				6F78C2A225B20D210006C01B /* Release */,
			);
			defaultConfigurationIsVisible = 0;
			defaultConfigurationName = Release;
		};
		6F78C2A325B20D210006C01B /* Build configuration list for PBXNativeTarget "bisMateClientUITests" */ = {
			isa = XCConfigurationList;
			buildConfigurations = (
				6F78C2A425B20D210006C01B /* Debug */,
				6F78C2A525B20D210006C01B /* Release */,
			);
			defaultConfigurationIsVisible = 0;
			defaultConfigurationName = Release;
		};
/* End XCConfigurationList section */
	};
	rootObject = 6F78C26B25B20D1F0006C01B /* Project object */;
}
